
Microsoft Visual Studio Solution File, Format Version 12.00
# Visual Studio Version 17
VisualStudioVersion = 17.10.35027.167
MinimumVisualStudioVersion = 10.0.40219.1
Project("{FAE04EC0-301F-11D3-BF4B-00C04F79EFBC}") = "ExEncapsulamento8", "ExEncapsulamento8.csproj", "{597FB035-5D8C-4E97-AA28-838CEE191CC3}"
EndProject
Global
	GlobalSection(SolutionConfigurationPlatforms) = preSolution
		Debug|Any CPU = Debug|Any CPU
		Release|Any CPU = Release|Any CPU
	EndGlobalSection
	GlobalSection(ProjectConfigurationPlatforms) = postSolution
		{597FB035-5D8C-4E97-AA28-838CEE191CC3}.Debug|Any CPU.ActiveCfg = Debug|Any CPU
		{597FB035-5D8C-4E97-AA28-838CEE191CC3}.Debug|Any CPU.Build.0 = Debug|Any CPU
		{597FB035-5D8C-4E97-AA28-838CEE191CC3}.Release|Any CPU.ActiveCfg = Release|Any CPU
		{597FB035-5D8C-4E97-AA28-838CEE191CC3}.Release|Any CPU.Build.0 = Release|Any CPU
	EndGlobalSection
	GlobalSection(SolutionProperties) = preSolution
		HideSolutionNode = FALSE
	EndGlobalSection
	GlobalSection(ExtensibilityGlobals) = postSolution
		SolutionGuid = {5AC67E13-8FB7-446C-A93D-7E789F09F3F1}
	EndGlobalSection
EndGlobal
