
Microsoft Visual Studio Solution File, Format Version 12.00
# Visual Studio Version 17
VisualStudioVersion = 17.10.35027.167
MinimumVisualStudioVersion = 10.0.40219.1
Project("{FAE04EC0-301F-11D3-BF4B-00C04F79EFBC}") = "ExDictionary33", "ExDictionary33.csproj", "{FC33A50E-654D-46D7-8838-8FAA445A13DF}"
EndProject
Global
	GlobalSection(SolutionConfigurationPlatforms) = preSolution
		Debug|Any CPU = Debug|Any CPU
		Release|Any CPU = Release|Any CPU
	EndGlobalSection
	GlobalSection(ProjectConfigurationPlatforms) = postSolution
		{FC33A50E-654D-46D7-8838-8FAA445A13DF}.Debug|Any CPU.ActiveCfg = Debug|Any CPU
		{FC33A50E-654D-46D7-8838-8FAA445A13DF}.Debug|Any CPU.Build.0 = Debug|Any CPU
		{FC33A50E-654D-46D7-8838-8FAA445A13DF}.Release|Any CPU.ActiveCfg = Release|Any CPU
		{FC33A50E-654D-46D7-8838-8FAA445A13DF}.Release|Any CPU.Build.0 = Release|Any CPU
	EndGlobalSection
	GlobalSection(SolutionProperties) = preSolution
		HideSolutionNode = FALSE
	EndGlobalSection
	GlobalSection(ExtensibilityGlobals) = postSolution
		SolutionGuid = {16846EBD-DAD1-4CCD-8B2F-A2BA3007BC4A}
	EndGlobalSection
EndGlobal
