
Microsoft Visual Studio Solution File, Format Version 12.00
# Visual Studio Version 17
VisualStudioVersion = 17.10.35027.167
MinimumVisualStudioVersion = 10.0.40219.1
Project("{FAE04EC0-301F-11D3-BF4B-00C04F79EFBC}") = "Dictonary32", "Dictonary32.csproj", "{48BCFFC2-23BC-4318-991B-6C67314140A9}"
EndProject
Global
	GlobalSection(SolutionConfigurationPlatforms) = preSolution
		Debug|Any CPU = Debug|Any CPU
		Release|Any CPU = Release|Any CPU
	EndGlobalSection
	GlobalSection(ProjectConfigurationPlatforms) = postSolution
		{48BCFFC2-23BC-4318-991B-6C67314140A9}.Debug|Any CPU.ActiveCfg = Debug|Any CPU
		{48BCFFC2-23BC-4318-991B-6C67314140A9}.Debug|Any CPU.Build.0 = Debug|Any CPU
		{48BCFFC2-23BC-4318-991B-6C67314140A9}.Release|Any CPU.ActiveCfg = Release|Any CPU
		{48BCFFC2-23BC-4318-991B-6C67314140A9}.Release|Any CPU.Build.0 = Release|Any CPU
	EndGlobalSection
	GlobalSection(SolutionProperties) = preSolution
		HideSolutionNode = FALSE
	EndGlobalSection
	GlobalSection(ExtensibilityGlobals) = postSolution
		SolutionGuid = {7F315EF1-A07F-4191-9ED0-F156741E3997}
	EndGlobalSection
EndGlobal
