
Microsoft Visual Studio Solution File, Format Version 12.00
# Visual Studio Version 17
VisualStudioVersion = 17.10.35027.167
MinimumVisualStudioVersion = 10.0.40219.1
Project("{FAE04EC0-301F-11D3-BF4B-00C04F79EFBC}") = "ExEstoque", "ExEstoque.csproj", "{BB2AA9EB-31E2-4504-AF18-6B9584365FDF}"
EndProject
Global
	GlobalSection(SolutionConfigurationPlatforms) = preSolution
		Debug|Any CPU = Debug|Any CPU
		Release|Any CPU = Release|Any CPU
	EndGlobalSection
	GlobalSection(ProjectConfigurationPlatforms) = postSolution
		{BB2AA9EB-31E2-4504-AF18-6B9584365FDF}.Debug|Any CPU.ActiveCfg = Debug|Any CPU
		{BB2AA9EB-31E2-4504-AF18-6B9584365FDF}.Debug|Any CPU.Build.0 = Debug|Any CPU
		{BB2AA9EB-31E2-4504-AF18-6B9584365FDF}.Release|Any CPU.ActiveCfg = Release|Any CPU
		{BB2AA9EB-31E2-4504-AF18-6B9584365FDF}.Release|Any CPU.Build.0 = Release|Any CPU
	EndGlobalSection
	GlobalSection(SolutionProperties) = preSolution
		HideSolutionNode = FALSE
	EndGlobalSection
	GlobalSection(ExtensibilityGlobals) = postSolution
		SolutionGuid = {C97CEE44-1831-4D80-B918-36C0E1E86019}
	EndGlobalSection
EndGlobal
