
Microsoft Visual Studio Solution File, Format Version 12.00
# Visual Studio Version 17
VisualStudioVersion = 17.10.35027.167
MinimumVisualStudioVersion = 10.0.40219.1
Project("{FAE04EC0-301F-11D3-BF4B-00C04F79EFBC}") = "ExEnumAndComposition16", "ExEnumAndComposition16.csproj", "{8A0D9B4F-437E-4C4F-B475-00679DF8E20B}"
EndProject
Global
	GlobalSection(SolutionConfigurationPlatforms) = preSolution
		Debug|Any CPU = Debug|Any CPU
		Release|Any CPU = Release|Any CPU
	EndGlobalSection
	GlobalSection(ProjectConfigurationPlatforms) = postSolution
		{8A0D9B4F-437E-4C4F-B475-00679DF8E20B}.Debug|Any CPU.ActiveCfg = Debug|Any CPU
		{8A0D9B4F-437E-4C4F-B475-00679DF8E20B}.Debug|Any CPU.Build.0 = Debug|Any CPU
		{8A0D9B4F-437E-4C4F-B475-00679DF8E20B}.Release|Any CPU.ActiveCfg = Release|Any CPU
		{8A0D9B4F-437E-4C4F-B475-00679DF8E20B}.Release|Any CPU.Build.0 = Release|Any CPU
	EndGlobalSection
	GlobalSection(SolutionProperties) = preSolution
		HideSolutionNode = FALSE
	EndGlobalSection
	GlobalSection(ExtensibilityGlobals) = postSolution
		SolutionGuid = {1F3F780B-5E5C-4AC0-905E-C003648E0B44}
	EndGlobalSection
EndGlobal
