
Microsoft Visual Studio Solution File, Format Version 12.00
# Visual Studio Version 17
VisualStudioVersion = 17.10.35027.167
MinimumVisualStudioVersion = 10.0.40219.1
Project("{FAE04EC0-301F-11D3-BF4B-00C04F79EFBC}") = "ExHeranca17", "ExHeranca17.csproj", "{FB98EDEE-B6AD-40AC-A439-DBAA37AAF984}"
EndProject
Global
	GlobalSection(SolutionConfigurationPlatforms) = preSolution
		Debug|Any CPU = Debug|Any CPU
		Release|Any CPU = Release|Any CPU
	EndGlobalSection
	GlobalSection(ProjectConfigurationPlatforms) = postSolution
		{FB98EDEE-B6AD-40AC-A439-DBAA37AAF984}.Debug|Any CPU.ActiveCfg = Debug|Any CPU
		{FB98EDEE-B6AD-40AC-A439-DBAA37AAF984}.Debug|Any CPU.Build.0 = Debug|Any CPU
		{FB98EDEE-B6AD-40AC-A439-DBAA37AAF984}.Release|Any CPU.ActiveCfg = Release|Any CPU
		{FB98EDEE-B6AD-40AC-A439-DBAA37AAF984}.Release|Any CPU.Build.0 = Release|Any CPU
	EndGlobalSection
	GlobalSection(SolutionProperties) = preSolution
		HideSolutionNode = FALSE
	EndGlobalSection
	GlobalSection(ExtensibilityGlobals) = postSolution
		SolutionGuid = {05353191-8572-45E3-95CB-6C4EB3CA6CD4}
	EndGlobalSection
EndGlobal
