
Microsoft Visual Studio Solution File, Format Version 12.00
# Visual Studio Version 17
VisualStudioVersion = 17.10.35027.167
MinimumVisualStudioVersion = 10.0.40219.1
Project("{FAE04EC0-301F-11D3-BF4B-00C04F79EFBC}") = "ExConjuntos31", "ExConjuntos31.csproj", "{D983E5F8-0FD0-42CE-A469-B8DD08BF9712}"
EndProject
Global
	GlobalSection(SolutionConfigurationPlatforms) = preSolution
		Debug|Any CPU = Debug|Any CPU
		Release|Any CPU = Release|Any CPU
	EndGlobalSection
	GlobalSection(ProjectConfigurationPlatforms) = postSolution
		{D983E5F8-0FD0-42CE-A469-B8DD08BF9712}.Debug|Any CPU.ActiveCfg = Debug|Any CPU
		{D983E5F8-0FD0-42CE-A469-B8DD08BF9712}.Debug|Any CPU.Build.0 = Debug|Any CPU
		{D983E5F8-0FD0-42CE-A469-B8DD08BF9712}.Release|Any CPU.ActiveCfg = Release|Any CPU
		{D983E5F8-0FD0-42CE-A469-B8DD08BF9712}.Release|Any CPU.Build.0 = Release|Any CPU
	EndGlobalSection
	GlobalSection(SolutionProperties) = preSolution
		HideSolutionNode = FALSE
	EndGlobalSection
	GlobalSection(ExtensibilityGlobals) = postSolution
		SolutionGuid = {085E5495-6166-4318-85BE-61CAEF88D910}
	EndGlobalSection
EndGlobal
